
Microsoft Visual Studio Solution File, Format Version 12.00
# Visual Studio 14
VisualStudioVersion = 14.0.24720.0
MinimumVisualStudioVersion = 10.0.40219.1
Project("{2150E333-8FDC-42A3-9474-1A3956D46DE8}") = "Solution Items", "Solution Items", "{58B9B11A-43BF-4EE5-B84F-DCA3613BC386}"
	ProjectSection(SolutionItems) = preProject
		global.json = global.json
	EndProjectSection
EndProject
Project("{8BB2217D-0F2D-49D1-97BC-3654ED321F3B}") = "NinjaTasks.Web", "src\NinjaTasks.Web\NinjaTasks.Web.xproj", "{FD76B352-A577-420C-947D-543496C3353C}"
	ProjectSection(ProjectDependencies) = postProject
		{F19E717D-4D67-4FC4-BE14-DB7583331454} = {F19E717D-4D67-4FC4-BE14-DB7583331454}
		{12082999-E512-4FBB-9ADB-CAB3C8FE9F46} = {12082999-E512-4FBB-9ADB-CAB3C8FE9F46}
		{A38FBCE8-FDD3-4765-BA22-16E0A6C5CCA3} = {A38FBCE8-FDD3-4765-BA22-16E0A6C5CCA3}
	EndProjectSection
EndProject
Project("{FAE04EC0-301F-11D3-BF4B-00C04F79EFBC}") = "NinjaTasks.Model", "..\NinjaTasks.Model\NinjaTasks.Model.csproj", "{A38FBCE8-FDD3-4765-BA22-16E0A6C5CCA3}"
EndProject
Project("{2150E333-8FDC-42A3-9474-1A3956D46DE8}") = "NinjaTasks", "NinjaTasks", "{2C31BFD6-BE0A-4BCC-9DF1-22CDC951FA1F}"
EndProject
Project("{FAE04EC0-301F-11D3-BF4B-00C04F79EFBC}") = "NinjaTasks.Db.MvxSqlite", "..\NinjaTasks.Db.MvxSqlite\NinjaTasks.Db.MvxSqlite.csproj", "{12082999-E512-4FBB-9ADB-CAB3C8FE9F46}"
EndProject
Project("{2150E333-8FDC-42A3-9474-1A3956D46DE8}") = "NinjaTools", "NinjaTools", "{1A6AC38D-8962-4925-BD22-36C8EE045090}"
EndProject
Project("{FAE04EC0-301F-11D3-BF4B-00C04F79EFBC}") = "NinjaTools", "..\NinjaTools\NinjaTools\NinjaTools.csproj", "{E894D40E-6F3D-45D8-9BBD-F0D09DFC32B4}"
EndProject
Project("{FAE04EC0-301F-11D3-BF4B-00C04F79EFBC}") = "NinjaSync", "..\NinjaSync\NinjaSync.csproj", "{2C47E154-1E5D-4801-97AA-AACE064DDE48}"
EndProject
Project("{FAE04EC0-301F-11D3-BF4B-00C04F79EFBC}") = "NinjaTools.Connectivity", "..\NinjaTools.Connectivity\NinjaTools.Connectivity.csproj", "{8BA579B0-A7C0-4817-AE20-EDA450DCCDDA}"
EndProject
Project("{FAE04EC0-301F-11D3-BF4B-00C04F79EFBC}") = "NinjaSync.Storage.MvxSqlite", "..\NinjaSync.Storage.MvxSqlite\NinjaSync.Storage.MvxSqlite.csproj", "{F19E717D-4D67-4FC4-BE14-DB7583331454}"
EndProject
Project("{FAE04EC0-301F-11D3-BF4B-00C04F79EFBC}") = "ToDoLib", "..\3rdParty\ToDoLib\ToDoLib.csproj", "{07AA9CEA-4EF0-4B47-AFBD-6F74AD9C4653}"
EndProject
Project("{FAE04EC0-301F-11D3-BF4B-00C04F79EFBC}") = "NinjaTasks.Core", "..\NinjaTasks.Core\NinjaTasks.Core.csproj", "{747706F4-ECBF-4D50-8D72-B0DDCC18395C}"
EndProject
Project("{FAE04EC0-301F-11D3-BF4B-00C04F79EFBC}") = "NinjaTasks.Sync", "..\NinjaTasks.Sync\NinjaTasks.Sync.csproj", "{94C51F89-EA81-4028-9103-3FEC0BBD9752}"
EndProject
Project("{FAE04EC0-301F-11D3-BF4B-00C04F79EFBC}") = "TaskWarriorLib", "..\TaskWarriorLib\TaskWarriorLib.csproj", "{BEEC9C42-CC15-4304-A420-F69BC7A94534}"
EndProject
Project("{FAE04EC0-301F-11D3-BF4B-00C04F79EFBC}") = "NinjaTools.GUI.MVVM", "..\NinjaTools\NinjaTools.GUI.MVVM\NinjaTools.GUI.MVVM.csproj", "{50943D97-3B48-4660-BFF7-57010C48D8EA}"
EndProject
Project("{FAE04EC0-301F-11D3-BF4B-00C04F79EFBC}") = "NinjaTools.Connectivity.ViewModels", "..\NinjaTools.Connectivity.ViewModels\NinjaTools.Connectivity.ViewModels.csproj", "{4DA0AB47-175C-4068-A189-B1DE57DBE4FF}"
EndProject
Global
	GlobalSection(SolutionConfigurationPlatforms) = preSolution
		Debug|Any CPU = Debug|Any CPU
		Release|Any CPU = Release|Any CPU
	EndGlobalSection
	GlobalSection(ProjectConfigurationPlatforms) = postSolution
		{FD76B352-A577-420C-947D-543496C3353C}.Debug|Any CPU.ActiveCfg = Debug|Any CPU
		{FD76B352-A577-420C-947D-543496C3353C}.Debug|Any CPU.Build.0 = Debug|Any CPU
		{FD76B352-A577-420C-947D-543496C3353C}.Release|Any CPU.ActiveCfg = Release|Any CPU
		{FD76B352-A577-420C-947D-543496C3353C}.Release|Any CPU.Build.0 = Release|Any CPU
		{A38FBCE8-FDD3-4765-BA22-16E0A6C5CCA3}.Debug|Any CPU.ActiveCfg = Debug|Any CPU
		{A38FBCE8-FDD3-4765-BA22-16E0A6C5CCA3}.Debug|Any CPU.Build.0 = Debug|Any CPU
		{A38FBCE8-FDD3-4765-BA22-16E0A6C5CCA3}.Release|Any CPU.ActiveCfg = Release|Any CPU
		{A38FBCE8-FDD3-4765-BA22-16E0A6C5CCA3}.Release|Any CPU.Build.0 = Release|Any CPU
		{12082999-E512-4FBB-9ADB-CAB3C8FE9F46}.Debug|Any CPU.ActiveCfg = Debug|Any CPU
		{12082999-E512-4FBB-9ADB-CAB3C8FE9F46}.Debug|Any CPU.Build.0 = Debug|Any CPU
		{12082999-E512-4FBB-9ADB-CAB3C8FE9F46}.Release|Any CPU.ActiveCfg = Release|Any CPU
		{12082999-E512-4FBB-9ADB-CAB3C8FE9F46}.Release|Any CPU.Build.0 = Release|Any CPU
		{E894D40E-6F3D-45D8-9BBD-F0D09DFC32B4}.Debug|Any CPU.ActiveCfg = Debug|Any CPU
		{E894D40E-6F3D-45D8-9BBD-F0D09DFC32B4}.Debug|Any CPU.Build.0 = Debug|Any CPU
		{E894D40E-6F3D-45D8-9BBD-F0D09DFC32B4}.Release|Any CPU.ActiveCfg = Release|Any CPU
		{E894D40E-6F3D-45D8-9BBD-F0D09DFC32B4}.Release|Any CPU.Build.0 = Release|Any CPU
		{2C47E154-1E5D-4801-97AA-AACE064DDE48}.Debug|Any CPU.ActiveCfg = Debug|Any CPU
		{2C47E154-1E5D-4801-97AA-AACE064DDE48}.Debug|Any CPU.Build.0 = Debug|Any CPU
		{2C47E154-1E5D-4801-97AA-AACE064DDE48}.Release|Any CPU.ActiveCfg = Release|Any CPU
		{2C47E154-1E5D-4801-97AA-AACE064DDE48}.Release|Any CPU.Build.0 = Release|Any CPU
		{8BA579B0-A7C0-4817-AE20-EDA450DCCDDA}.Debug|Any CPU.ActiveCfg = Debug|Any CPU
		{8BA579B0-A7C0-4817-AE20-EDA450DCCDDA}.Debug|Any CPU.Build.0 = Debug|Any CPU
		{8BA579B0-A7C0-4817-AE20-EDA450DCCDDA}.Release|Any CPU.ActiveCfg = Release|Any CPU
		{8BA579B0-A7C0-4817-AE20-EDA450DCCDDA}.Release|Any CPU.Build.0 = Release|Any CPU
		{F19E717D-4D67-4FC4-BE14-DB7583331454}.Debug|Any CPU.ActiveCfg = Debug|Any CPU
		{F19E717D-4D67-4FC4-BE14-DB7583331454}.Debug|Any CPU.Build.0 = Debug|Any CPU
		{F19E717D-4D67-4FC4-BE14-DB7583331454}.Release|Any CPU.ActiveCfg = Release|Any CPU
		{F19E717D-4D67-4FC4-BE14-DB7583331454}.Release|Any CPU.Build.0 = Release|Any CPU
		{07AA9CEA-4EF0-4B47-AFBD-6F74AD9C4653}.Debug|Any CPU.ActiveCfg = Debug|Any CPU
		{07AA9CEA-4EF0-4B47-AFBD-6F74AD9C4653}.Debug|Any CPU.Build.0 = Debug|Any CPU
		{07AA9CEA-4EF0-4B47-AFBD-6F74AD9C4653}.Release|Any CPU.ActiveCfg = Release|Any CPU
		{07AA9CEA-4EF0-4B47-AFBD-6F74AD9C4653}.Release|Any CPU.Build.0 = Release|Any CPU
		{747706F4-ECBF-4D50-8D72-B0DDCC18395C}.Debug|Any CPU.ActiveCfg = Debug|Any CPU
		{747706F4-ECBF-4D50-8D72-B0DDCC18395C}.Debug|Any CPU.Build.0 = Debug|Any CPU
		{747706F4-ECBF-4D50-8D72-B0DDCC18395C}.Release|Any CPU.ActiveCfg = Release|Any CPU
		{747706F4-ECBF-4D50-8D72-B0DDCC18395C}.Release|Any CPU.Build.0 = Release|Any CPU
		{94C51F89-EA81-4028-9103-3FEC0BBD9752}.Debug|Any CPU.ActiveCfg = Debug|Any CPU
		{94C51F89-EA81-4028-9103-3FEC0BBD9752}.Debug|Any CPU.Build.0 = Debug|Any CPU
		{94C51F89-EA81-4028-9103-3FEC0BBD9752}.Release|Any CPU.ActiveCfg = Release|Any CPU
		{94C51F89-EA81-4028-9103-3FEC0BBD9752}.Release|Any CPU.Build.0 = Release|Any CPU
		{BEEC9C42-CC15-4304-A420-F69BC7A94534}.Debug|Any CPU.ActiveCfg = Debug|Any CPU
		{BEEC9C42-CC15-4304-A420-F69BC7A94534}.Debug|Any CPU.Build.0 = Debug|Any CPU
		{BEEC9C42-CC15-4304-A420-F69BC7A94534}.Release|Any CPU.ActiveCfg = Release|Any CPU
		{BEEC9C42-CC15-4304-A420-F69BC7A94534}.Release|Any CPU.Build.0 = Release|Any CPU
		{50943D97-3B48-4660-BFF7-57010C48D8EA}.Debug|Any CPU.ActiveCfg = Debug|Any CPU
		{50943D97-3B48-4660-BFF7-57010C48D8EA}.Debug|Any CPU.Build.0 = Debug|Any CPU
		{50943D97-3B48-4660-BFF7-57010C48D8EA}.Release|Any CPU.ActiveCfg = Release|Any CPU
		{50943D97-3B48-4660-BFF7-57010C48D8EA}.Release|Any CPU.Build.0 = Release|Any CPU
		{4DA0AB47-175C-4068-A189-B1DE57DBE4FF}.Debug|Any CPU.ActiveCfg = Debug|Any CPU
		{4DA0AB47-175C-4068-A189-B1DE57DBE4FF}.Debug|Any CPU.Build.0 = Debug|Any CPU
		{4DA0AB47-175C-4068-A189-B1DE57DBE4FF}.Release|Any CPU.ActiveCfg = Release|Any CPU
		{4DA0AB47-175C-4068-A189-B1DE57DBE4FF}.Release|Any CPU.Build.0 = Release|Any CPU
	EndGlobalSection
	GlobalSection(SolutionProperties) = preSolution
		HideSolutionNode = FALSE
	EndGlobalSection
	GlobalSection(NestedProjects) = preSolution
		{A38FBCE8-FDD3-4765-BA22-16E0A6C5CCA3} = {2C31BFD6-BE0A-4BCC-9DF1-22CDC951FA1F}
		{12082999-E512-4FBB-9ADB-CAB3C8FE9F46} = {2C31BFD6-BE0A-4BCC-9DF1-22CDC951FA1F}
		{E894D40E-6F3D-45D8-9BBD-F0D09DFC32B4} = {1A6AC38D-8962-4925-BD22-36C8EE045090}
		{2C47E154-1E5D-4801-97AA-AACE064DDE48} = {2C31BFD6-BE0A-4BCC-9DF1-22CDC951FA1F}
		{8BA579B0-A7C0-4817-AE20-EDA450DCCDDA} = {1A6AC38D-8962-4925-BD22-36C8EE045090}
		{F19E717D-4D67-4FC4-BE14-DB7583331454} = {2C31BFD6-BE0A-4BCC-9DF1-22CDC951FA1F}
		{07AA9CEA-4EF0-4B47-AFBD-6F74AD9C4653} = {2C31BFD6-BE0A-4BCC-9DF1-22CDC951FA1F}
		{747706F4-ECBF-4D50-8D72-B0DDCC18395C} = {2C31BFD6-BE0A-4BCC-9DF1-22CDC951FA1F}
		{94C51F89-EA81-4028-9103-3FEC0BBD9752} = {2C31BFD6-BE0A-4BCC-9DF1-22CDC951FA1F}
		{BEEC9C42-CC15-4304-A420-F69BC7A94534} = {2C31BFD6-BE0A-4BCC-9DF1-22CDC951FA1F}
		{50943D97-3B48-4660-BFF7-57010C48D8EA} = {1A6AC38D-8962-4925-BD22-36C8EE045090}
		{4DA0AB47-175C-4068-A189-B1DE57DBE4FF} = {2C31BFD6-BE0A-4BCC-9DF1-22CDC951FA1F}
	EndGlobalSection
EndGlobal
